github.com/golang/mock v1.3.1/go.mod h1:sBzyDLLjw3U8JLTeZvSv8jJB+tU5PVekmnlKIyFUx0Y=
github.com/pkg/errors v0.8.1 h1:iURUrRGxPUNPdy5/HRSm+Yj6okJ6UtLINN0Q9M4+h3I=
github.com/pkg/errors v0.8.1/go.mod h1:bwawxfHBFNV+L2hUp1rHADufV3IMtnDRdf1r5NINEl0=
github.com/spoke-d/task v0.0.0-20200106145839-60b878dc8da8 h1:Us/AxDjQ6Pm4aJu/f2cNVSgUnhSOjgidHSD4UgoWDiQ=
github.com/spoke-d/task v0.0.0-20200106145839-60b878dc8da8/go.mod h1:VXo+gym8OlkZKvOnOLDyyKpTbS0I31pvhIsfQSj0qlE=
github.com/spoke-d/task v0.0.0-20200108125726-10dd458784e6 h1:LaCDuj41uXgy7fNazxT94K8G7y/WdCq6fohcfmG6Wk8=
github.com/spoke-d/task v0.0.0-20200108125726-10dd458784e6/go.mod h1:VXo+gym8OlkZKvOnOLDyyKpTbS0I31pvhIsfQSj0qlE=
github.com/spoke-d/task v0.0.0-20200108132158-d245c8161bca h1:x0hQ4l2S7gmilgAIU7G6Srg9b9VBihWoevBrZGYCEA4=
github.com/spoke-d/task v0.0.0-20200108132158-d245c8161bca/go.mod h1:VXo+gym8OlkZKvOnOLDyyKpTbS0I31pvhIsfQSj0qlE=
github.com/spoke-d/task v0.0.0-20200108142958-5fcfc43d4ed4 h1:dVrigp+vuJ0VqrVhjtwbikHe1kZe/aS0E766Ym+ypSE=
github.com/spoke-d/task v0.0.0-20200108142958-5fcfc43d4ed4/go.mod h1:VXo+gym8OlkZKvOnOLDyyKpTbS0I31pvhIsfQSj0qlE=
golang.org/x/crypto v0.0.0-20190308221718-c2843e01d9a2/go.mod h1:djNgcEr1/C05ACkg1iLfiJU5Ep61QUkGW8qpdssI0+w=
golang.org/x/net v0.0.0-20190311183353-d8887717615a/go.mod h1:t9HGtf8HONx5eT2rtn7q6eTqICYqUVnKs3thJo3Qplg=
golang.org/x/sync v0.0.0-20190423024810-112230192c58/go.mod h1:RxMgew5VJxzue5/jJTE5uejpjVlOe/izrB70Jof72aM=
golang.org/x/sys v0.0.0-20190215142949-d0b11bdaac8a/go.mod h1:STP8DvDyc/dI5b8T5hshtkjS+E42TnysNCUPdjciGhY=
golang.org/x/text v0.3.0/go.mod h1:NqM8EUOU14njkJ3fqMW+pc6Ldnwhi/IjpwHt7yyuwOQ=
golang.org/x/tools v0.0.0-20190425150028-36563e24a262/go.mod h1:RgjU9mgBXZiqYHBnxXauZ1Gv1EHHAz9KjViQ78xBX0Q=
